
Microsoft Visual Studio Solution File, Format Version 12.00
# Visual Studio Version 17
VisualStudioVersion = 17.4.33213.308
MinimumVisualStudioVersion = 10.0.40219.1
Project("{FAE04EC0-301F-11D3-BF4B-00C04F79EFBC}") = "aula030223", "aula030223\aula030223.csproj", "{DA6293C5-D4DF-4403-92FA-A2976987739D}"
EndProject
Global
	GlobalSection(SolutionConfigurationPlatforms) = preSolution
		Debug|Any CPU = Debug|Any CPU
		Release|Any CPU = Release|Any CPU
	EndGlobalSection
	GlobalSection(ProjectConfigurationPlatforms) = postSolution
		{DA6293C5-D4DF-4403-92FA-A2976987739D}.Debug|Any CPU.ActiveCfg = Debug|Any CPU
		{DA6293C5-D4DF-4403-92FA-A2976987739D}.Debug|Any CPU.Build.0 = Debug|Any CPU
		{DA6293C5-D4DF-4403-92FA-A2976987739D}.Release|Any CPU.ActiveCfg = Release|Any CPU
		{DA6293C5-D4DF-4403-92FA-A2976987739D}.Release|Any CPU.Build.0 = Release|Any CPU
	EndGlobalSection
	GlobalSection(SolutionProperties) = preSolution
		HideSolutionNode = FALSE
	EndGlobalSection
	GlobalSection(ExtensibilityGlobals) = postSolution
		SolutionGuid = {830CF127-5CF0-4D78-A120-252426CF5832}
	EndGlobalSection
EndGlobal
